
Microsoft Visual Studio Solution File, Format Version 12.00
# Visual Studio Version 16
VisualStudioVersion = 16.0.31129.286
MinimumVisualStudioVersion = 10.0.40219.1
Project("{FAE04EC0-301F-11D3-BF4B-00C04F79EFBC}") = "ToggleFullscreen", "ToggleFullscreen\ToggleFullscreen.csproj", "{38200564-0DD4-4FD7-861B-ADDF761ABC32}"
EndProject
Global
	GlobalSection(SolutionConfigurationPlatforms) = preSolution
		Debug|Any CPU = Debug|Any CPU
		Release|Any CPU = Release|Any CPU
	EndGlobalSection
	GlobalSection(ProjectConfigurationPlatforms) = postSolution
		{38200564-0DD4-4FD7-861B-ADDF761ABC32}.Debug|Any CPU.ActiveCfg = Debug|Any CPU
		{38200564-0DD4-4FD7-861B-ADDF761ABC32}.Debug|Any CPU.Build.0 = Debug|Any CPU
		{38200564-0DD4-4FD7-861B-ADDF761ABC32}.Release|Any CPU.ActiveCfg = Release|Any CPU
		{38200564-0DD4-4FD7-861B-ADDF761ABC32}.Release|Any CPU.Build.0 = Release|Any CPU
	EndGlobalSection
	GlobalSection(SolutionProperties) = preSolution
		HideSolutionNode = FALSE
	EndGlobalSection
	GlobalSection(ExtensibilityGlobals) = postSolution
		SolutionGuid = {FA1689C9-1A38-4207-923D-ECC22834C6C2}
	EndGlobalSection
EndGlobal
